
Microsoft Visual Studio Solution File, Format Version 12.00
# Visual Studio Version 16
VisualStudioVersion = 16.0.29209.62
MinimumVisualStudioVersion = 10.0.40219.1
Project("{FAE04EC0-301F-11D3-BF4B-00C04F79EFBC}") = "FlyweightPattern", "FlyweightPattern\FlyweightPattern.csproj", "{15C4B2F3-60E7-4675-973F-F8D51D460A8A}"
EndProject
Global
	GlobalSection(SolutionConfigurationPlatforms) = preSolution
		Debug|Any CPU = Debug|Any CPU
		Release|Any CPU = Release|Any CPU
	EndGlobalSection
	GlobalSection(ProjectConfigurationPlatforms) = postSolution
		{15C4B2F3-60E7-4675-973F-F8D51D460A8A}.Debug|Any CPU.ActiveCfg = Debug|Any CPU
		{15C4B2F3-60E7-4675-973F-F8D51D460A8A}.Debug|Any CPU.Build.0 = Debug|Any CPU
		{15C4B2F3-60E7-4675-973F-F8D51D460A8A}.Release|Any CPU.ActiveCfg = Release|Any CPU
		{15C4B2F3-60E7-4675-973F-F8D51D460A8A}.Release|Any CPU.Build.0 = Release|Any CPU
	EndGlobalSection
	GlobalSection(SolutionProperties) = preSolution
		HideSolutionNode = FALSE
	EndGlobalSection
	GlobalSection(ExtensibilityGlobals) = postSolution
		SolutionGuid = {0B14CE7C-3431-4789-98F2-8E2437B7071B}
	EndGlobalSection
EndGlobal
